// !$*UTF8*$!
{
	archiveVersion = 1;
	classes = {
	};
	objectVersion = 50;
	objects = {

/* Begin PBXBuildFile section */
		7A0876A9212D50F80063701C /* AppDelegate.swift in Sources */ = {isa = PBXBuildFile; fileRef = 7A0876A8212D50F80063701C /* AppDelegate.swift */; };
		7A0876AB212D50F80063701C /* ViewController.swift in Sources */ = {isa = PBXBuildFile; fileRef = 7A0876AA212D50F80063701C /* ViewController.swift */; };
		7A0876AE212D50F80063701C /* Main.storyboard in Resources */ = {isa = PBXBuildFile; fileRef = 7A0876AC212D50F80063701C /* Main.storyboard */; };
		7A0876B0212D50FA0063701C /* Assets.xcassets in Resources */ = {isa = PBXBuildFile; fileRef = 7A0876AF212D50FA0063701C /* Assets.xcassets */; };
		7A0876B3212D50FA0063701C /* LaunchScreen.storyboard in Resources */ = {isa = PBXBuildFile; fileRef = 7A0876B1212D50FA0063701C /* LaunchScreen.storyboard */; };
		7A1CFD35212E426600ECCA5E /* NewsTableHeaderView.swift in Sources */ = {isa = PBXBuildFile; fileRef = 7A1CFD34212E426600ECCA5E /* NewsTableHeaderView.swift */; };
		7A1CFD37212E476A00ECCA5E /* NewsTableViewCell.swift in Sources */ = {isa = PBXBuildFile; fileRef = 7A1CFD36212E476A00ECCA5E /* NewsTableViewCell.swift */; };
		7A1CFD3D212E7E0900ECCA5E /* Constant.swift in Sources */ = {isa = PBXBuildFile; fileRef = 7A1CFD3C212E7E0900ECCA5E /* Constant.swift */; };
		7A1FA65C215DC9EE00F37BBD /* SimpleImageBrowseViewController.swift in Sources */ = {isa = PBXBuildFile; fileRef = 7A1FA65B215DC9EE00F37BBD /* SimpleImageBrowseViewController.swift */; };
		7A22228121757ACF00261D4C /* MutiplePhotoAlbumController.swift in Sources */ = {isa = PBXBuildFile; fileRef = 7A22228021757ACF00261D4C /* MutiplePhotoAlbumController.swift */; };
		7A22228321757EFA00261D4C /* MutipleImageCell.swift in Sources */ = {isa = PBXBuildFile; fileRef = 7A22228221757EFA00261D4C /* MutipleImageCell.swift */; };
		7A2579A521770B55001D2C6F /* DisplayImageModel.swift in Sources */ = {isa = PBXBuildFile; fileRef = 7A2579A421770B55001D2C6F /* DisplayImageModel.swift */; };
		7A43F477216F37E4000646C3 /* TransitionAnimator.swift in Sources */ = {isa = PBXBuildFile; fileRef = 7A43F476216F37E4000646C3 /* TransitionAnimator.swift */; };
		7A447D4621350F9400FE754B /* SaveSheetView.swift in Sources */ = {isa = PBXBuildFile; fileRef = 7A447D4521350F9400FE754B /* SaveSheetView.swift */; };
		7A689E4E212D5F7500325D50 /* UIImage+Extension.swift in Sources */ = {isa = PBXBuildFile; fileRef = 7A689E4D212D5F7500325D50 /* UIImage+Extension.swift */; };
		7A798C28215DFA4000619F05 /* MediaChooseSheetView.swift in Sources */ = {isa = PBXBuildFile; fileRef = 7A798C27215DFA4000619F05 /* MediaChooseSheetView.swift */; };
		7A8C50AA21706E4C004256A7 /* DisplayViewController.swift in Sources */ = {isa = PBXBuildFile; fileRef = 7A8C50A921706E4C004256A7 /* DisplayViewController.swift */; };
		7A8C50B221707085004256A7 /* NewsDetailCell.swift in Sources */ = {isa = PBXBuildFile; fileRef = 7A8C50B121707085004256A7 /* NewsDetailCell.swift */; };
		7A8C50B421708924004256A7 /* ImageCollectionViewCell.swift in Sources */ = {isa = PBXBuildFile; fileRef = 7A8C50B321708924004256A7 /* ImageCollectionViewCell.swift */; };
		7A8C50B621708D60004256A7 /* PlaceholderTextView.swift in Sources */ = {isa = PBXBuildFile; fileRef = 7A8C50B521708D60004256A7 /* PlaceholderTextView.swift */; };
		7E32BC0A790B5F54E4E997FA /* Pods_MNImagePickerController.framework in Frameworks */ = {isa = PBXBuildFile; fileRef = 944DEEA8FD980ACB100A6851 /* Pods_MNImagePickerController.framework */; };
/* End PBXBuildFile section */

/* Begin PBXFileReference section */
		3B28DA693627C15C84087431 /* Pods-MNImagePickerController.release.xcconfig */ = {isa = PBXFileReference; includeInIndex = 1; lastKnownFileType = text.xcconfig; name = "Pods-MNImagePickerController.release.xcconfig"; path = "Pods/Target Support Files/Pods-MNImagePickerController/Pods-MNImagePickerController.release.xcconfig"; sourceTree = "<group>"; };
		6EC68FC91B83FFE15C3B04EA /* Pods-MNImagePickerController.debug.xcconfig */ = {isa = PBXFileReference; includeInIndex = 1; lastKnownFileType = text.xcconfig; name = "Pods-MNImagePickerController.debug.xcconfig"; path = "Pods/Target Support Files/Pods-MNImagePickerController/Pods-MNImagePickerController.debug.xcconfig"; sourceTree = "<group>"; };
		7A0876A5212D50F80063701C /* MNImagePickerController.app */ = {isa = PBXFileReference; explicitFileType = wrapper.application; includeInIndex = 0; path = MNImagePickerController.app; sourceTree = BUILT_PRODUCTS_DIR; };
		7A0876A8212D50F80063701C /* AppDelegate.swift */ = {isa = PBXFileReference; lastKnownFileType = sourcecode.swift; path = AppDelegate.swift; sourceTree = "<group>"; };
		7A0876AA212D50F80063701C /* ViewController.swift */ = {isa = PBXFileReference; lastKnownFileType = sourcecode.swift; path = ViewController.swift; sourceTree = "<group>"; };
		7A0876AD212D50F80063701C /* Base */ = {isa = PBXFileReference; lastKnownFileType = file.storyboard; name = Base; path = Base.lproj/Main.storyboard; sourceTree = "<group>"; };
		7A0876AF212D50FA0063701C /* Assets.xcassets */ = {isa = PBXFileReference; lastKnownFileType = folder.assetcatalog; path = Assets.xcassets; sourceTree = "<group>"; };
		7A0876B2212D50FA0063701C /* Base */ = {isa = PBXFileReference; lastKnownFileType = file.storyboard; name = Base; path = Base.lproj/LaunchScreen.storyboard; sourceTree = "<group>"; };
		7A0876B4212D50FA0063701C /* Info.plist */ = {isa = PBXFileReference; lastKnownFileType = text.plist.xml; path = Info.plist; sourceTree = "<group>"; };
		7A1CFD34212E426600ECCA5E /* NewsTableHeaderView.swift */ = {isa = PBXFileReference; lastKnownFileType = sourcecode.swift; path = NewsTableHeaderView.swift; sourceTree = "<group>"; };
		7A1CFD36212E476A00ECCA5E /* NewsTableViewCell.swift */ = {isa = PBXFileReference; lastKnownFileType = sourcecode.swift; path = NewsTableViewCell.swift; sourceTree = "<group>"; };
		7A1CFD3C212E7E0900ECCA5E /* Constant.swift */ = {isa = PBXFileReference; lastKnownFileType = sourcecode.swift; path = Constant.swift; sourceTree = "<group>"; };
		7A1FA65B215DC9EE00F37BBD /* SimpleImageBrowseViewController.swift */ = {isa = PBXFileReference; lastKnownFileType = sourcecode.swift; path = SimpleImageBrowseViewController.swift; sourceTree = "<group>"; };
		7A22228021757ACF00261D4C /* MutiplePhotoAlbumController.swift */ = {isa = PBXFileReference; lastKnownFileType = sourcecode.swift; path = MutiplePhotoAlbumController.swift; sourceTree = "<group>"; };
		7A22228221757EFA00261D4C /* MutipleImageCell.swift */ = {isa = PBXFileReference; lastKnownFileType = sourcecode.swift; path = MutipleImageCell.swift; sourceTree = "<group>"; };
		7A2579A421770B55001D2C6F /* DisplayImageModel.swift */ = {isa = PBXFileReference; lastKnownFileType = sourcecode.swift; path = DisplayImageModel.swift; sourceTree = "<group>"; };
		7A43F476216F37E4000646C3 /* TransitionAnimator.swift */ = {isa = PBXFileReference; lastKnownFileType = sourcecode.swift; path = TransitionAnimator.swift; sourceTree = "<group>"; };
		7A447D4521350F9400FE754B /* SaveSheetView.swift */ = {isa = PBXFileReference; lastKnownFileType = sourcecode.swift; path = SaveSheetView.swift; sourceTree = "<group>"; };
		7A689E4D212D5F7500325D50 /* UIImage+Extension.swift */ = {isa = PBXFileReference; lastKnownFileType = sourcecode.swift; path = "UIImage+Extension.swift"; sourceTree = "<group>"; };
		7A798C27215DFA4000619F05 /* MediaChooseSheetView.swift */ = {isa = PBXFileReference; lastKnownFileType = sourcecode.swift; path = MediaChooseSheetView.swift; sourceTree = "<group>"; };
		7A8C50A921706E4C004256A7 /* DisplayViewController.swift */ = {isa = PBXFileReference; lastKnownFileType = sourcecode.swift; path = DisplayViewController.swift; sourceTree = "<group>"; };
		7A8C50B121707085004256A7 /* NewsDetailCell.swift */ = {isa = PBXFileReference; lastKnownFileType = sourcecode.swift; path = NewsDetailCell.swift; sourceTree = "<group>"; };
		7A8C50B321708924004256A7 /* ImageCollectionViewCell.swift */ = {isa = PBXFileReference; lastKnownFileType = sourcecode.swift; path = ImageCollectionViewCell.swift; sourceTree = "<group>"; };
		7A8C50B521708D60004256A7 /* PlaceholderTextView.swift */ = {isa = PBXFileReference; fileEncoding = 4; lastKnownFileType = sourcecode.swift; path = PlaceholderTextView.swift; sourceTree = "<group>"; };
		944DEEA8FD980ACB100A6851 /* Pods_MNImagePickerController.framework */ = {isa = PBXFileReference; explicitFileType = wrapper.framework; includeInIndex = 0; path = Pods_MNImagePickerController.framework; sourceTree = BUILT_PRODUCTS_DIR; };
/* End PBXFileReference section */

/* Begin PBXFrameworksBuildPhase section */
		7A0876A2212D50F80063701C /* Frameworks */ = {
			isa = PBXFrameworksBuildPhase;
			buildActionMask = 2147483647;
			files = (
				7E32BC0A790B5F54E4E997FA /* Pods_MNImagePickerController.framework in Frameworks */,
			);
			runOnlyForDeploymentPostprocessing = 0;
		};
/* End PBXFrameworksBuildPhase section */

/* Begin PBXGroup section */
		7A08769C212D50F80063701C = {
			isa = PBXGroup;
			children = (
				7A0876A7212D50F80063701C /* MNImagePickerController */,
				7A0876A6212D50F80063701C /* Products */,
				CE072DAFDDE5A479C146DFC2 /* Pods */,
				AFC1EE0916CEE43187166E49 /* Frameworks */,
			);
			sourceTree = "<group>";
		};
		7A0876A6212D50F80063701C /* Products */ = {
			isa = PBXGroup;
			children = (
				7A0876A5212D50F80063701C /* MNImagePickerController.app */,
			);
			name = Products;
			sourceTree = "<group>";
		};
		7A0876A7212D50F80063701C /* MNImagePickerController */ = {
			isa = PBXGroup;
			children = (
				7A0876BB212D56A90063701C /* MNImagePickerController */,
				7A1CFD33212E422600ECCA5E /* Demo */,
				7A0876AC212D50F80063701C /* Main.storyboard */,
				7A0876AF212D50FA0063701C /* Assets.xcassets */,
				7A0876B1212D50FA0063701C /* LaunchScreen.storyboard */,
				7A0876B4212D50FA0063701C /* Info.plist */,
			);
			path = MNImagePickerController;
			sourceTree = "<group>";
		};
		7A0876BB212D56A90063701C /* MNImagePickerController */ = {
			isa = PBXGroup;
			children = (
				7A8C50A821704AE0004256A7 /* KeyClasses */,
				7A8C50A721704ACB004256A7 /* Tools */,
				7A8C50A621704AAF004256A7 /* PopUpWindows */,
				7A8C50A421704A6C004256A7 /* Animation */,
			);
			path = MNImagePickerController;
			sourceTree = "<group>";
		};
		7A1CFD33212E422600ECCA5E /* Demo */ = {
			isa = PBXGroup;
			children = (
				7A8C50AE21707024004256A7 /* DetailDynamic */,
				7A8C50AB21706FCE004256A7 /* Dynamic */,
				7A0876A8212D50F80063701C /* AppDelegate.swift */,
				7A1CFD3C212E7E0900ECCA5E /* Constant.swift */,
			);
			path = Demo;
			sourceTree = "<group>";
		};
		7A8C50A421704A6C004256A7 /* Animation */ = {
			isa = PBXGroup;
			children = (
				7A43F476216F37E4000646C3 /* TransitionAnimator.swift */,
			);
			path = Animation;
			sourceTree = "<group>";
		};
		7A8C50A621704AAF004256A7 /* PopUpWindows */ = {
			isa = PBXGroup;
			children = (
				7A798C27215DFA4000619F05 /* MediaChooseSheetView.swift */,
				7A447D4521350F9400FE754B /* SaveSheetView.swift */,
			);
			path = PopUpWindows;
			sourceTree = "<group>";
		};
		7A8C50A721704ACB004256A7 /* Tools */ = {
			isa = PBXGroup;
			children = (
				7A8C50B521708D60004256A7 /* PlaceholderTextView.swift */,
				7A689E4D212D5F7500325D50 /* UIImage+Extension.swift */,
			);
			path = Tools;
			sourceTree = "<group>";
		};
		7A8C50A821704AE0004256A7 /* KeyClasses */ = {
			isa = PBXGroup;
			children = (
				7A1FA65B215DC9EE00F37BBD /* SimpleImageBrowseViewController.swift */,
				7A22228021757ACF00261D4C /* MutiplePhotoAlbumController.swift */,
				7A22228221757EFA00261D4C /* MutipleImageCell.swift */,
				7A2579A421770B55001D2C6F /* DisplayImageModel.swift */,
			);
			path = KeyClasses;
			sourceTree = "<group>";
		};
		7A8C50AB21706FCE004256A7 /* Dynamic */ = {
			isa = PBXGroup;
			children = (
				7A8C50AD21707014004256A7 /* Views */,
				7A8C50AC21707000004256A7 /* Controllers */,
			);
			path = Dynamic;
			sourceTree = "<group>";
		};
		7A8C50AC21707000004256A7 /* Controllers */ = {
			isa = PBXGroup;
			children = (
				7A0876AA212D50F80063701C /* ViewController.swift */,
			);
			path = Controllers;
			sourceTree = "<group>";
		};
		7A8C50AD21707014004256A7 /* Views */ = {
			isa = PBXGroup;
			children = (
				7A1CFD34212E426600ECCA5E /* NewsTableHeaderView.swift */,
				7A1CFD36212E476A00ECCA5E /* NewsTableViewCell.swift */,
			);
			path = Views;
			sourceTree = "<group>";
		};
		7A8C50AE21707024004256A7 /* DetailDynamic */ = {
			isa = PBXGroup;
			children = (
				7A8C50B021707040004256A7 /* Views */,
				7A8C50AF21707032004256A7 /* Controllers */,
			);
			path = DetailDynamic;
			sourceTree = "<group>";
		};
		7A8C50AF21707032004256A7 /* Controllers */ = {
			isa = PBXGroup;
			children = (
				7A8C50A921706E4C004256A7 /* DisplayViewController.swift */,
			);
			path = Controllers;
			sourceTree = "<group>";
		};
		7A8C50B021707040004256A7 /* Views */ = {
			isa = PBXGroup;
			children = (
				7A8C50B121707085004256A7 /* NewsDetailCell.swift */,
				7A8C50B321708924004256A7 /* ImageCollectionViewCell.swift */,
			);
			path = Views;
			sourceTree = "<group>";
		};
		AFC1EE0916CEE43187166E49 /* Frameworks */ = {
			isa = PBXGroup;
			children = (
				944DEEA8FD980ACB100A6851 /* Pods_MNImagePickerController.framework */,
			);
			name = Frameworks;
			sourceTree = "<group>";
		};
		CE072DAFDDE5A479C146DFC2 /* Pods */ = {
			isa = PBXGroup;
			children = (
				6EC68FC91B83FFE15C3B04EA /* Pods-MNImagePickerController.debug.xcconfig */,
				3B28DA693627C15C84087431 /* Pods-MNImagePickerController.release.xcconfig */,
			);
			name = Pods;
			sourceTree = "<group>";
		};
/* End PBXGroup section */

/* Begin PBXNativeTarget section */
		7A0876A4212D50F80063701C /* MNImagePickerController */ = {
			isa = PBXNativeTarget;
			buildConfigurationList = 7A0876B7212D50FA0063701C /* Build configuration list for PBXNativeTarget "MNImagePickerController" */;
			buildPhases = (
				273EB1FF4EA3FE6B351ED0F2 /* [CP] Check Pods Manifest.lock */,
				7A0876A1212D50F80063701C /* Sources */,
				7A0876A2212D50F80063701C /* Frameworks */,
				7A0876A3212D50F80063701C /* Resources */,
				EE6A08C6FE49614C6D959350 /* [CP] Embed Pods Frameworks */,
			);
			buildRules = (
			);
			dependencies = (
			);
			name = MNImagePickerController;
			productName = MNImagePickerController;
			productReference = 7A0876A5212D50F80063701C /* MNImagePickerController.app */;
			productType = "com.apple.product-type.application";
		};
/* End PBXNativeTarget section */

/* Begin PBXProject section */
		7A08769D212D50F80063701C /* Project object */ = {
			isa = PBXProject;
			attributes = {
				LastSwiftUpdateCheck = 0940;
				LastUpgradeCheck = 0940;
				ORGANIZATIONNAME = T;
				TargetAttributes = {
					7A0876A4212D50F80063701C = {
						CreatedOnToolsVersion = 9.4.1;
					};
				};
			};
			buildConfigurationList = 7A0876A0212D50F80063701C /* Build configuration list for PBXProject "MNImagePickerController" */;
			compatibilityVersion = "Xcode 9.3";
			developmentRegion = en;
			hasScannedForEncodings = 0;
			knownRegions = (
				en,
				Base,
			);
			mainGroup = 7A08769C212D50F80063701C;
			productRefGroup = 7A0876A6212D50F80063701C /* Products */;
			projectDirPath = "";
			projectRoot = "";
			targets = (
				7A0876A4212D50F80063701C /* MNImagePickerController */,
			);
		};
/* End PBXProject section */

/* Begin PBXResourcesBuildPhase section */
		7A0876A3212D50F80063701C /* Resources */ = {
			isa = PBXResourcesBuildPhase;
			buildActionMask = 2147483647;
			files = (
				7A0876B3212D50FA0063701C /* LaunchScreen.storyboard in Resources */,
				7A0876B0212D50FA0063701C /* Assets.xcassets in Resources */,
				7A0876AE212D50F80063701C /* Main.storyboard in Resources */,
			);
			runOnlyForDeploymentPostprocessing = 0;
		};
/* End PBXResourcesBuildPhase section */

/* Begin PBXShellScriptBuildPhase section */
		273EB1FF4EA3FE6B351ED0F2 /* [CP] Check Pods Manifest.lock */ = {
			isa = PBXShellScriptBuildPhase;
			buildActionMask = 2147483647;
			files = (
			);
			inputPaths = (
				"${PODS_PODFILE_DIR_PATH}/Podfile.lock",
				"${PODS_ROOT}/Manifest.lock",
			);
			name = "[CP] Check Pods Manifest.lock";
			outputPaths = (
				"$(DERIVED_FILE_DIR)/Pods-MNImagePickerController-checkManifestLockResult.txt",
			);
			runOnlyForDeploymentPostprocessing = 0;
			shellPath = /bin/sh;
			shellScript = "diff \"${PODS_PODFILE_DIR_PATH}/Podfile.lock\" \"${PODS_ROOT}/Manifest.lock\" > /dev/null\nif [ $? != 0 ] ; then\n    # print error to STDERR\n    echo \"error: The sandbox is not in sync with the Podfile.lock. Run 'pod install' or update your CocoaPods installation.\" >&2\n    exit 1\nfi\n# This output is used by Xcode 'outputs' to avoid re-running this script phase.\necho \"SUCCESS\" > \"${SCRIPT_OUTPUT_FILE_0}\"\n";
			showEnvVarsInLog = 0;
		};
		EE6A08C6FE49614C6D959350 /* [CP] Embed Pods Frameworks */ = {
			isa = PBXShellScriptBuildPhase;
			buildActionMask = 2147483647;
			files = (
			);
			inputPaths = (
				"${SRCROOT}/Pods/Target Support Files/Pods-MNImagePickerController/Pods-MNImagePickerController-frameworks.sh",
				"${BUILT_PRODUCTS_DIR}/SnapKit/SnapKit.framework",
			);
			name = "[CP] Embed Pods Frameworks";
			outputPaths = (
				"${TARGET_BUILD_DIR}/${FRAMEWORKS_FOLDER_PATH}/SnapKit.framework",
			);
			runOnlyForDeploymentPostprocessing = 0;
			shellPath = /bin/sh;
			shellScript = "\"${SRCROOT}/Pods/Target Support Files/Pods-MNImagePickerController/Pods-MNImagePickerController-frameworks.sh\"\n";
			showEnvVarsInLog = 0;
		};
/* End PBXShellScriptBuildPhase section */

/* Begin PBXSourcesBuildPhase section */
		7A0876A1212D50F80063701C /* Sources */ = {
			isa = PBXSourcesBuildPhase;
			buildActionMask = 2147483647;
			files = (
				7A1CFD3D212E7E0900ECCA5E /* Constant.swift in Sources */,
				7A798C28215DFA4000619F05 /* MediaChooseSheetView.swift in Sources */,
				7A8C50B421708924004256A7 /* ImageCollectionViewCell.swift in Sources */,
				7A1FA65C215DC9EE00F37BBD /* SimpleImageBrowseViewController.swift in Sources */,
				7A22228321757EFA00261D4C /* MutipleImageCell.swift in Sources */,
				7A8C50B221707085004256A7 /* NewsDetailCell.swift in Sources */,
				7A8C50AA21706E4C004256A7 /* DisplayViewController.swift in Sources */,
				7A447D4621350F9400FE754B /* SaveSheetView.swift in Sources */,
				7A689E4E212D5F7500325D50 /* UIImage+Extension.swift in Sources */,
				7A22228121757ACF00261D4C /* MutiplePhotoAlbumController.swift in Sources */,
				7A1CFD35212E426600ECCA5E /* NewsTableHeaderView.swift in Sources */,
				7A43F477216F37E4000646C3 /* TransitionAnimator.swift in Sources */,
				7A1CFD37212E476A00ECCA5E /* NewsTableViewCell.swift in Sources */,
				7A0876AB212D50F80063701C /* ViewController.swift in Sources */,
				7A0876A9212D50F80063701C /* AppDelegate.swift in Sources */,
				7A8C50B621708D60004256A7 /* PlaceholderTextView.swift in Sources */,
				7A2579A521770B55001D2C6F /* DisplayImageModel.swift in Sources */,
			);
			runOnlyForDeploymentPostprocessing = 0;
		};
/* End PBXSourcesBuildPhase section */

/* Begin PBXVariantGroup section */
		7A0876AC212D50F80063701C /* Main.storyboard */ = {
			isa = PBXVariantGroup;
			children = (
				7A0876AD212D50F80063701C /* Base */,
			);
			name = Main.storyboard;
			sourceTree = "<group>";
		};
		7A0876B1212D50FA0063701C /* LaunchScreen.storyboard */ = {
			isa = PBXVariantGroup;
			children = (
				7A0876B2212D50FA0063701C /* Base */,
			);
			name = LaunchScreen.storyboard;
			sourceTree = "<group>";
		};
/* End PBXVariantGroup section */

/* Begin XCBuildConfiguration section */
		7A0876B5212D50FA0063701C /* Debug */ = {
			isa = XCBuildConfiguration;
			buildSettings = {
				ALWAYS_SEARCH_USER_PATHS = NO;
				CLANG_ANALYZER_NONNULL = YES;
				CLANG_ANALYZER_NUMBER_OBJECT_CONVERSION = YES_AGGRESSIVE;
				CLANG_CXX_LANGUAGE_STANDARD = "gnu++14";
				CLANG_CXX_LIBRARY = "libc++";
				CLANG_ENABLE_MODULES = YES;
				CLANG_ENABLE_OBJC_ARC = YES;
				CLANG_ENABLE_OBJC_WEAK = YES;
				CLANG_WARN_BLOCK_CAPTURE_AUTORELEASING = YES;
				CLANG_WARN_BOOL_CONVERSION = YES;
				CLANG_WARN_COMMA = YES;
				CLANG_WARN_CONSTANT_CONVERSION = YES;
				CLANG_WARN_DEPRECATED_OBJC_IMPLEMENTATIONS = YES;
				CLANG_WARN_DIRECT_OBJC_ISA_USAGE = YES_ERROR;
				CLANG_WARN_DOCUMENTATION_COMMENTS = YES;
				CLANG_WARN_EMPTY_BODY = YES;
				CLANG_WARN_ENUM_CONVERSION = YES;
				CLANG_WARN_INFINITE_RECURSION = YES;
				CLANG_WARN_INT_CONVERSION = YES;
				CLANG_WARN_NON_LITERAL_NULL_CONVERSION = YES;
				CLANG_WARN_OBJC_IMPLICIT_RETAIN_SELF = YES;
				CLANG_WARN_OBJC_LITERAL_CONVERSION = YES;
				CLANG_WARN_OBJC_ROOT_CLASS = YES_ERROR;
				CLANG_WARN_RANGE_LOOP_ANALYSIS = YES;
				CLANG_WARN_STRICT_PROTOTYPES = YES;
				CLANG_WARN_SUSPICIOUS_MOVE = YES;
				CLANG_WARN_UNGUARDED_AVAILABILITY = YES_AGGRESSIVE;
				CLANG_WARN_UNREACHABLE_CODE = YES;
				CLANG_WARN__DUPLICATE_METHOD_MATCH = YES;
				CODE_SIGN_IDENTITY = "iPhone Developer";
				COPY_PHASE_STRIP = NO;
				DEBUG_INFORMATION_FORMAT = dwarf;
				ENABLE_STRICT_OBJC_MSGSEND = YES;
				ENABLE_TESTABILITY = YES;
				GCC_C_LANGUAGE_STANDARD = gnu11;
				GCC_DYNAMIC_NO_PIC = NO;
				GCC_NO_COMMON_BLOCKS = YES;
				GCC_OPTIMIZATION_LEVEL = 0;
				GCC_PREPROCESSOR_DEFINITIONS = (
					"DEBUG=1",
					"$(inherited)",
				);
				GCC_WARN_64_TO_32_BIT_CONVERSION = YES;
				GCC_WARN_ABOUT_RETURN_TYPE = YES_ERROR;
				GCC_WARN_UNDECLARED_SELECTOR = YES;
				GCC_WARN_UNINITIALIZED_AUTOS = YES_AGGRESSIVE;
				GCC_WARN_UNUSED_FUNCTION = YES;
				GCC_WARN_UNUSED_VARIABLE = YES;
				IPHONEOS_DEPLOYMENT_TARGET = 11.4;
				MTL_ENABLE_DEBUG_INFO = YES;
				ONLY_ACTIVE_ARCH = YES;
				SDKROOT = iphoneos;
				SWIFT_ACTIVE_COMPILATION_CONDITIONS = DEBUG;
				SWIFT_OPTIMIZATION_LEVEL = "-Onone";
			};
			name = Debug;
		};
		7A0876B6212D50FA0063701C /* Release */ = {
			isa = XCBuildConfiguration;
			buildSettings = {
				ALWAYS_SEARCH_USER_PATHS = NO;
				CLANG_ANALYZER_NONNULL = YES;
				CLANG_ANALYZER_NUMBER_OBJECT_CONVERSION = YES_AGGRESSIVE;
				CLANG_CXX_LANGUAGE_STANDARD = "gnu++14";
				CLANG_CXX_LIBRARY = "libc++";
				CLANG_ENABLE_MODULES = YES;
				CLANG_ENABLE_OBJC_ARC = YES;
				CLANG_ENABLE_OBJC_WEAK = YES;
				CLANG_WARN_BLOCK_CAPTURE_AUTORELEASING = YES;
				CLANG_WARN_BOOL_CONVERSION = YES;
				CLANG_WARN_COMMA = YES;
				CLANG_WARN_CONSTANT_CONVERSION = YES;
				CLANG_WARN_DEPRECATED_OBJC_IMPLEMENTATIONS = YES;
				CLANG_WARN_DIRECT_OBJC_ISA_USAGE = YES_ERROR;
				CLANG_WARN_DOCUMENTATION_COMMENTS = YES;
				CLANG_WARN_EMPTY_BODY = YES;
				CLANG_WARN_ENUM_CONVERSION = YES;
				CLANG_WARN_INFINITE_RECURSION = YES;
				CLANG_WARN_INT_CONVERSION = YES;
				CLANG_WARN_NON_LITERAL_NULL_CONVERSION = YES;
				CLANG_WARN_OBJC_IMPLICIT_RETAIN_SELF = YES;
				CLANG_WARN_OBJC_LITERAL_CONVERSION = YES;
				CLANG_WARN_OBJC_ROOT_CLASS = YES_ERROR;
				CLANG_WARN_RANGE_LOOP_ANALYSIS = YES;
				CLANG_WARN_STRICT_PROTOTYPES = YES;
				CLANG_WARN_SUSPICIOUS_MOVE = YES;
				CLANG_WARN_UNGUARDED_AVAILABILITY = YES_AGGRESSIVE;
				CLANG_WARN_UNREACHABLE_CODE = YES;
				CLANG_WARN__DUPLICATE_METHOD_MATCH = YES;
				CODE_SIGN_IDENTITY = "iPhone Developer";
				COPY_PHASE_STRIP = NO;
				DEBUG_INFORMATION_FORMAT = "dwarf-with-dsym";
				ENABLE_NS_ASSERTIONS = NO;
				ENABLE_STRICT_OBJC_MSGSEND = YES;
				GCC_C_LANGUAGE_STANDARD = gnu11;
				GCC_NO_COMMON_BLOCKS = YES;
				GCC_WARN_64_TO_32_BIT_CONVERSION = YES;
				GCC_WARN_ABOUT_RETURN_TYPE = YES_ERROR;
				GCC_WARN_UNDECLARED_SELECTOR = YES;
				GCC_WARN_UNINITIALIZED_AUTOS = YES_AGGRESSIVE;
				GCC_WARN_UNUSED_FUNCTION = YES;
				GCC_WARN_UNUSED_VARIABLE = YES;
				IPHONEOS_DEPLOYMENT_TARGET = 11.4;
				MTL_ENABLE_DEBUG_INFO = NO;
				SDKROOT = iphoneos;
				SWIFT_COMPILATION_MODE = wholemodule;
				SWIFT_OPTIMIZATION_LEVEL = "-O";
				VALIDATE_PRODUCT = YES;
			};
			name = Release;
		};
		7A0876B8212D50FA0063701C /* Debug */ = {
			isa = XCBuildConfiguration;
			baseConfigurationReference = 6EC68FC91B83FFE15C3B04EA /* Pods-MNImagePickerController.debug.xcconfig */;
			buildSettings = {
				ASSETCATALOG_COMPILER_APPICON_NAME = AppIcon;
				CODE_SIGN_STYLE = Automatic;
				DEVELOPMENT_TEAM = PW4YTWF933;
				INFOPLIST_FILE = MNImagePickerController/Info.plist;
				IPHONEOS_DEPLOYMENT_TARGET = 9.0;
				LD_RUNPATH_SEARCH_PATHS = (
					"$(inherited)",
					"@executable_path/Frameworks",
				);
				PRODUCT_BUNDLE_IDENTIFIER = com.moon.MNImagePickerController;
				PRODUCT_NAME = "$(TARGET_NAME)";
				SWIFT_VERSION = 4.0;
				TARGETED_DEVICE_FAMILY = "1,2";
			};
			name = Debug;
		};
		7A0876B9212D50FA0063701C /* Release */ = {
			isa = XCBuildConfiguration;
			baseConfigurationReference = 3B28DA693627C15C84087431 /* Pods-MNImagePickerController.release.xcconfig */;
			buildSettings = {
				ASSETCATALOG_COMPILER_APPICON_NAME = AppIcon;
				CODE_SIGN_STYLE = Automatic;
				DEVELOPMENT_TEAM = PW4YTWF933;
				INFOPLIST_FILE = MNImagePickerController/Info.plist;
				IPHONEOS_DEPLOYMENT_TARGET = 9.0;
				LD_RUNPATH_SEARCH_PATHS = (
					"$(inherited)",
					"@executable_path/Frameworks",
				);
				PRODUCT_BUNDLE_IDENTIFIER = com.moon.MNImagePickerController;
				PRODUCT_NAME = "$(TARGET_NAME)";
				SWIFT_VERSION = 4.0;
				TARGETED_DEVICE_FAMILY = "1,2";
			};
			name = Release;
		};
/* End XCBuildConfiguration section */

/* Begin XCConfigurationList section */
		7A0876A0212D50F80063701C /* Build configuration list for PBXProject "MNImagePickerController" */ = {
			isa = XCConfigurationList;
			buildConfigurations = (
				7A0876B5212D50FA0063701C /* Debug */,
				7A0876B6212D50FA0063701C /* Release */,
			);
			defaultConfigurationIsVisible = 0;
			defaultConfigurationName = Release;
		};
		7A0876B7212D50FA0063701C /* Build configuration list for PBXNativeTarget "MNImagePickerController" */ = {
			isa = XCConfigurationList;
			buildConfigurations = (
				7A0876B8212D50FA0063701C /* Debug */,
				7A0876B9212D50FA0063701C /* Release */,
			);
			defaultConfigurationIsVisible = 0;
			defaultConfigurationName = Release;
		};
/* End XCConfigurationList section */
	};
	rootObject = 7A08769D212D50F80063701C /* Project object */;
}
